
Microsoft Visual Studio Solution File, Format Version 12.00
# Visual Studio Version 17
VisualStudioVersion = 17.1.32407.343
MinimumVisualStudioVersion = 10.0.40219.1
Project("{FAE04EC0-301F-11D3-BF4B-00C04F79EFBC}") = "TBS_Game", "TBS_Game\TBS_Game.csproj", "{D9A6E403-04E7-4DC0-B76F-F1C884F09C73}"
EndProject
Global
	GlobalSection(SolutionConfigurationPlatforms) = preSolution
		Debug|Any CPU = Debug|Any CPU
		Release|Any CPU = Release|Any CPU
	EndGlobalSection
	GlobalSection(ProjectConfigurationPlatforms) = postSolution
		{D9A6E403-04E7-4DC0-B76F-F1C884F09C73}.Debug|Any CPU.ActiveCfg = Debug|Any CPU
		{D9A6E403-04E7-4DC0-B76F-F1C884F09C73}.Debug|Any CPU.Build.0 = Debug|Any CPU
		{D9A6E403-04E7-4DC0-B76F-F1C884F09C73}.Release|Any CPU.ActiveCfg = Release|Any CPU
		{D9A6E403-04E7-4DC0-B76F-F1C884F09C73}.Release|Any CPU.Build.0 = Release|Any CPU
	EndGlobalSection
	GlobalSection(SolutionProperties) = preSolution
		HideSolutionNode = FALSE
	EndGlobalSection
	GlobalSection(ExtensibilityGlobals) = postSolution
		SolutionGuid = {B1880801-F735-4E2E-98A2-C9C73EC7B57A}
	EndGlobalSection
EndGlobal
